// !$*UTF8*$!
{
	archiveVersion = 1;
	classes = {
	};
	objectVersion = 46;
	objects = {

/* Begin PBXBuildFile section */
		D81E05AC1B35804F0084D283 /* PowerMeterInfoTableViewController.swift in Sources */ = {isa = PBXBuildFile; fileRef = D81E05AB1B35804F0084D283 /* PowerMeterInfoTableViewController.swift */; };
		D87D6C2E1B2F0E9A003A2A6F /* AppDelegate.swift in Sources */ = {isa = PBXBuildFile; fileRef = D87D6C2D1B2F0E9A003A2A6F /* AppDelegate.swift */; };
		D87D6C301B2F0E9A003A2A6F /* WattageViewController.swift in Sources */ = {isa = PBXBuildFile; fileRef = D87D6C2F1B2F0E9A003A2A6F /* WattageViewController.swift */; };
		D87D6C331B2F0E9A003A2A6F /* Main.storyboard in Resources */ = {isa = PBXBuildFile; fileRef = D87D6C311B2F0E9A003A2A6F /* Main.storyboard */; };
		D87D6C351B2F0E9A003A2A6F /* Images.xcassets in Resources */ = {isa = PBXBuildFile; fileRef = D87D6C341B2F0E9A003A2A6F /* Images.xcassets */; };
		D87D6C381B2F0E9A003A2A6F /* LaunchScreen.xib in Resources */ = {isa = PBXBuildFile; fileRef = D87D6C361B2F0E9A003A2A6F /* LaunchScreen.xib */; };
		D87D6C4E1B2F1186003A2A6F /* PowerMeter.swift in Sources */ = {isa = PBXBuildFile; fileRef = D87D6C4D1B2F1186003A2A6F /* PowerMeter.swift */; };
		D87D6C521B301F12003A2A6F /* Settings.bundle in Resources */ = {isa = PBXBuildFile; fileRef = D87D6C511B301F12003A2A6F /* Settings.bundle */; };
		D88AE4C61B35F1F400D8202B /* PowermeterHistoryTableViewController.swift in Sources */ = {isa = PBXBuildFile; fileRef = D88AE4C51B35F1F400D8202B /* PowermeterHistoryTableViewController.swift */; };
		D88AE4C81B3607BA00D8202B /* GraphViewController.swift in Sources */ = {isa = PBXBuildFile; fileRef = D88AE4C71B3607BA00D8202B /* GraphViewController.swift */; };
		D88AE4CA1B36082D00D8202B /* GraphView.swift in Sources */ = {isa = PBXBuildFile; fileRef = D88AE4C91B36082D00D8202B /* GraphView.swift */; };
		D88AE4CC1B37475E00D8202B /* PowerGraphEngine.swift in Sources */ = {isa = PBXBuildFile; fileRef = D88AE4CB1B37475E00D8202B /* PowerGraphEngine.swift */; };
		D88C2A011B384038006302F8 /* AxesDrawer.swift in Sources */ = {isa = PBXBuildFile; fileRef = D88C2A001B384038006302F8 /* AxesDrawer.swift */; };
		D8E4D38D1C382E7300EDDF3A /* SmartMeterTests.swift in Sources */ = {isa = PBXBuildFile; fileRef = D8E4D38C1C382E7300EDDF3A /* SmartMeterTests.swift */; };
		D8E4D3941C3830C300EDDF3A /* PowerMeter.swift in Sources */ = {isa = PBXBuildFile; fileRef = D87D6C4D1B2F1186003A2A6F /* PowerMeter.swift */; };
		D8E4D3961C38317900EDDF3A /* getPowerProfileTest.xml in Resources */ = {isa = PBXBuildFile; fileRef = D8E4D3951C38317900EDDF3A /* getPowerProfileTest.xml */; };
		D8E4D39B1C3C338200EDDF3A /* InfoPlist.strings in Resources */ = {isa = PBXBuildFile; fileRef = D8E4D39D1C3C338200EDDF3A /* InfoPlist.strings */; };
		D8E4D3A01C3C338300EDDF3A /* Localizable.strings in Resources */ = {isa = PBXBuildFile; fileRef = D8E4D3A21C3C338300EDDF3A /* Localizable.strings */; };
		D8E4D3A51C3C338300EDDF3A /* InfoPlist.strings in Resources */ = {isa = PBXBuildFile; fileRef = D8E4D3A71C3C338300EDDF3A /* InfoPlist.strings */; };
		D8E4D3AA1C3C385900EDDF3A /* Localizable.stringsdict in Resources */ = {isa = PBXBuildFile; fileRef = D8E4D3AC1C3C385900EDDF3A /* Localizable.stringsdict */; };
/* End PBXBuildFile section */

/* Begin PBXContainerItemProxy section */
		D8E4D38F1C382E7300EDDF3A /* PBXContainerItemProxy */ = {
			isa = PBXContainerItemProxy;
			containerPortal = D87D6C201B2F0E9A003A2A6F /* Project object */;
			proxyType = 1;
			remoteGlobalIDString = D87D6C271B2F0E9A003A2A6F;
			remoteInfo = SmartMeter;
		};
/* End PBXContainerItemProxy section */

/* Begin PBXFileReference section */
		D81E05AB1B35804F0084D283 /* PowerMeterInfoTableViewController.swift */ = {isa = PBXFileReference; fileEncoding = 4; lastKnownFileType = sourcecode.swift; path = PowerMeterInfoTableViewController.swift; sourceTree = "<group>"; };
		D87D6C281B2F0E9A003A2A6F /* SmartMeter.app */ = {isa = PBXFileReference; explicitFileType = wrapper.application; includeInIndex = 0; path = SmartMeter.app; sourceTree = BUILT_PRODUCTS_DIR; };
		D87D6C2C1B2F0E9A003A2A6F /* Info.plist */ = {isa = PBXFileReference; lastKnownFileType = text.plist.xml; path = Info.plist; sourceTree = "<group>"; };
		D87D6C2D1B2F0E9A003A2A6F /* AppDelegate.swift */ = {isa = PBXFileReference; lastKnownFileType = sourcecode.swift; path = AppDelegate.swift; sourceTree = "<group>"; };
		D87D6C2F1B2F0E9A003A2A6F /* WattageViewController.swift */ = {isa = PBXFileReference; lastKnownFileType = sourcecode.swift; path = WattageViewController.swift; sourceTree = "<group>"; };
		D87D6C321B2F0E9A003A2A6F /* Base */ = {isa = PBXFileReference; lastKnownFileType = file.storyboard; name = Base; path = Base.lproj/Main.storyboard; sourceTree = "<group>"; };
		D87D6C341B2F0E9A003A2A6F /* Images.xcassets */ = {isa = PBXFileReference; lastKnownFileType = folder.assetcatalog; path = Images.xcassets; sourceTree = "<group>"; };
		D87D6C371B2F0E9A003A2A6F /* Base */ = {isa = PBXFileReference; lastKnownFileType = file.xib; name = Base; path = Base.lproj/LaunchScreen.xib; sourceTree = "<group>"; };
		D87D6C4D1B2F1186003A2A6F /* PowerMeter.swift */ = {isa = PBXFileReference; fileEncoding = 4; lastKnownFileType = sourcecode.swift; path = PowerMeter.swift; sourceTree = "<group>"; };
		D87D6C511B301F12003A2A6F /* Settings.bundle */ = {isa = PBXFileReference; lastKnownFileType = "wrapper.plug-in"; name = Settings.bundle; path = ../Settings.bundle; sourceTree = "<group>"; };
		D88AE4C51B35F1F400D8202B /* PowermeterHistoryTableViewController.swift */ = {isa = PBXFileReference; fileEncoding = 4; lastKnownFileType = sourcecode.swift; path = PowermeterHistoryTableViewController.swift; sourceTree = "<group>"; };
		D88AE4C71B3607BA00D8202B /* GraphViewController.swift */ = {isa = PBXFileReference; fileEncoding = 4; lastKnownFileType = sourcecode.swift; path = GraphViewController.swift; sourceTree = "<group>"; };
		D88AE4C91B36082D00D8202B /* GraphView.swift */ = {isa = PBXFileReference; fileEncoding = 4; lastKnownFileType = sourcecode.swift; path = GraphView.swift; sourceTree = "<group>"; };
		D88AE4CB1B37475E00D8202B /* PowerGraphEngine.swift */ = {isa = PBXFileReference; fileEncoding = 4; lastKnownFileType = sourcecode.swift; path = PowerGraphEngine.swift; sourceTree = "<group>"; };
		D88C2A001B384038006302F8 /* AxesDrawer.swift */ = {isa = PBXFileReference; fileEncoding = 4; lastKnownFileType = sourcecode.swift; path = AxesDrawer.swift; sourceTree = "<group>"; };
		D8E4D38A1C382E7200EDDF3A /* SmartMeterTests.xctest */ = {isa = PBXFileReference; explicitFileType = wrapper.cfbundle; includeInIndex = 0; path = SmartMeterTests.xctest; sourceTree = BUILT_PRODUCTS_DIR; };
		D8E4D38C1C382E7300EDDF3A /* SmartMeterTests.swift */ = {isa = PBXFileReference; lastKnownFileType = sourcecode.swift; path = SmartMeterTests.swift; sourceTree = "<group>"; };
		D8E4D38E1C382E7300EDDF3A /* Info.plist */ = {isa = PBXFileReference; lastKnownFileType = text.plist.xml; path = Info.plist; sourceTree = "<group>"; };
		D8E4D3951C38317900EDDF3A /* getPowerProfileTest.xml */ = {isa = PBXFileReference; fileEncoding = 4; lastKnownFileType = text.xml; path = getPowerProfileTest.xml; sourceTree = "<group>"; };
		D8E4D3971C3C2F6400EDDF3A /* de */ = {isa = PBXFileReference; lastKnownFileType = text.plist.strings; name = de; path = de.lproj/Main.strings; sourceTree = "<group>"; };
		D8E4D3981C3C2F6500EDDF3A /* de */ = {isa = PBXFileReference; lastKnownFileType = text.plist.strings; name = de; path = de.lproj/LaunchScreen.strings; sourceTree = "<group>"; };
		D8E4D39C1C3C338200EDDF3A /* de */ = {isa = PBXFileReference; lastKnownFileType = text.plist.strings; name = de; path = de.lproj/InfoPlist.strings; sourceTree = "<group>"; };
		D8E4D3A11C3C338300EDDF3A /* de */ = {isa = PBXFileReference; lastKnownFileType = text.plist.strings; name = de; path = de.lproj/Localizable.strings; sourceTree = "<group>"; };
		D8E4D3A61C3C338300EDDF3A /* de */ = {isa = PBXFileReference; lastKnownFileType = text.plist.strings; name = de; path = de.lproj/InfoPlist.strings; sourceTree = "<group>"; };
		D8E4D3AB1C3C385900EDDF3A /* Base */ = {isa = PBXFileReference; lastKnownFileType = text.plist.stringsdict; name = Base; path = Base.lproj/Localizable.stringsdict; sourceTree = "<group>"; };
		D8E4D3AD1C3C386500EDDF3A /* de */ = {isa = PBXFileReference; lastKnownFileType = text.plist.stringsdict; name = de; path = de.lproj/Localizable.stringsdict; sourceTree = "<group>"; xcLanguageSpecificationIdentifier = xcode.lang.xml; };
/* End PBXFileReference section */

/* Begin PBXFrameworksBuildPhase section */
		D87D6C251B2F0E9A003A2A6F /* Frameworks */ = {
			isa = PBXFrameworksBuildPhase;
			buildActionMask = 2147483647;
			files = (
			);
			runOnlyForDeploymentPostprocessing = 0;
		};
		D8E4D3871C382E7200EDDF3A /* Frameworks */ = {
			isa = PBXFrameworksBuildPhase;
			buildActionMask = 2147483647;
			files = (
			);
			runOnlyForDeploymentPostprocessing = 0;
		};
/* End PBXFrameworksBuildPhase section */

/* Begin PBXGroup section */
		D87D6C1F1B2F0E9A003A2A6F = {
			isa = PBXGroup;
			children = (
				D87D6C2A1B2F0E9A003A2A6F /* SmartMeter */,
				D8E4D38B1C382E7300EDDF3A /* SmartMeterTests */,
				D87D6C291B2F0E9A003A2A6F /* Products */,
			);
			sourceTree = "<group>";
		};
		D87D6C291B2F0E9A003A2A6F /* Products */ = {
			isa = PBXGroup;
			children = (
				D87D6C281B2F0E9A003A2A6F /* SmartMeter.app */,
				D8E4D38A1C382E7200EDDF3A /* SmartMeterTests.xctest */,
			);
			name = Products;
			sourceTree = "<group>";
		};
		D87D6C2A1B2F0E9A003A2A6F /* SmartMeter */ = {
			isa = PBXGroup;
			children = (
				D88C2A001B384038006302F8 /* AxesDrawer.swift */,
				D88AE4CB1B37475E00D8202B /* PowerGraphEngine.swift */,
				D87D6C2F1B2F0E9A003A2A6F /* WattageViewController.swift */,
				D87D6C311B2F0E9A003A2A6F /* Main.storyboard */,
				D88AE4C51B35F1F400D8202B /* PowermeterHistoryTableViewController.swift */,
				D81E05AB1B35804F0084D283 /* PowerMeterInfoTableViewController.swift */,
				D87D6C4D1B2F1186003A2A6F /* PowerMeter.swift */,
				D88AE4C71B3607BA00D8202B /* GraphViewController.swift */,
				D88AE4C91B36082D00D8202B /* GraphView.swift */,
				D87D6C341B2F0E9A003A2A6F /* Images.xcassets */,
				D87D6C361B2F0E9A003A2A6F /* LaunchScreen.xib */,
				D87D6C2B1B2F0E9A003A2A6F /* Supporting Files */,
			);
			path = SmartMeter;
			sourceTree = "<group>";
		};
		D87D6C2B1B2F0E9A003A2A6F /* Supporting Files */ = {
			isa = PBXGroup;
			children = (
				D8E4D3A21C3C338300EDDF3A /* Localizable.strings */,
				D8E4D3AC1C3C385900EDDF3A /* Localizable.stringsdict */,
				D8E4D39D1C3C338200EDDF3A /* InfoPlist.strings */,
				D87D6C2D1B2F0E9A003A2A6F /* AppDelegate.swift */,
				D87D6C511B301F12003A2A6F /* Settings.bundle */,
				D87D6C2C1B2F0E9A003A2A6F /* Info.plist */,
			);
			name = "Supporting Files";
			sourceTree = "<group>";
		};
		D8E4D38B1C382E7300EDDF3A /* SmartMeterTests */ = {
			isa = PBXGroup;
			children = (
				D8E4D3A71C3C338300EDDF3A /* InfoPlist.strings */,
				D8E4D38C1C382E7300EDDF3A /* SmartMeterTests.swift */,
				D8E4D3951C38317900EDDF3A /* getPowerProfileTest.xml */,
				D8E4D38E1C382E7300EDDF3A /* Info.plist */,
			);
			path = SmartMeterTests;
			sourceTree = "<group>";
		};
/* End PBXGroup section */

/* Begin PBXNativeTarget section */
		D87D6C271B2F0E9A003A2A6F /* SmartMeter */ = {
			isa = PBXNativeTarget;
			buildConfigurationList = D87D6C471B2F0E9A003A2A6F /* Build configuration list for PBXNativeTarget "SmartMeter" */;
			buildPhases = (
				D87D6C241B2F0E9A003A2A6F /* Sources */,
				D87D6C251B2F0E9A003A2A6F /* Frameworks */,
				D87D6C261B2F0E9A003A2A6F /* Resources */,
			);
			buildRules = (
			);
			dependencies = (
			);
			name = SmartMeter;
			productName = SmartMeter;
			productReference = D87D6C281B2F0E9A003A2A6F /* SmartMeter.app */;
			productType = "com.apple.product-type.application";
		};
		D8E4D3891C382E7200EDDF3A /* SmartMeterTests */ = {
			isa = PBXNativeTarget;
			buildConfigurationList = D8E4D3911C382E7300EDDF3A /* Build configuration list for PBXNativeTarget "SmartMeterTests" */;
			buildPhases = (
				D8E4D3861C382E7200EDDF3A /* Sources */,
				D8E4D3871C382E7200EDDF3A /* Frameworks */,
				D8E4D3881C382E7200EDDF3A /* Resources */,
			);
			buildRules = (
			);
			dependencies = (
				D8E4D3901C382E7300EDDF3A /* PBXTargetDependency */,
			);
			name = SmartMeterTests;
			productName = SmartMeterTests;
			productReference = D8E4D38A1C382E7200EDDF3A /* SmartMeterTests.xctest */;
			productType = "com.apple.product-type.bundle.unit-test";
		};
/* End PBXNativeTarget section */

/* Begin PBXProject section */
		D87D6C201B2F0E9A003A2A6F /* Project object */ = {
			isa = PBXProject;
			attributes = {
				LastSwiftMigration = 0720;
				LastSwiftUpdateCheck = 0720;
				LastUpgradeCheck = 0800;
				ORGANIZATIONNAME = "Remus Lazar";
				TargetAttributes = {
					D87D6C271B2F0E9A003A2A6F = {
						CreatedOnToolsVersion = 6.3.2;
						LastSwiftMigration = 0800;
					};
					D8E4D3891C382E7200EDDF3A = {
						CreatedOnToolsVersion = 7.2;
						LastSwiftMigration = 0800;
						TestTargetID = D87D6C271B2F0E9A003A2A6F;
					};
				};
			};
			buildConfigurationList = D87D6C231B2F0E9A003A2A6F /* Build configuration list for PBXProject "SmartMeter" */;
			compatibilityVersion = "Xcode 3.2";
			developmentRegion = English;
			hasScannedForEncodings = 0;
			knownRegions = (
				en,
				Base,
				de,
			);
			mainGroup = D87D6C1F1B2F0E9A003A2A6F;
			productRefGroup = D87D6C291B2F0E9A003A2A6F /* Products */;
			projectDirPath = "";
			projectRoot = "";
			targets = (
				D87D6C271B2F0E9A003A2A6F /* SmartMeter */,
				D8E4D3891C382E7200EDDF3A /* SmartMeterTests */,
			);
		};
/* End PBXProject section */

/* Begin PBXResourcesBuildPhase section */
		D87D6C261B2F0E9A003A2A6F /* Resources */ = {
			isa = PBXResourcesBuildPhase;
			buildActionMask = 2147483647;
			files = (
				D8E4D3AA1C3C385900EDDF3A /* Localizable.stringsdict in Resources */,
				D87D6C521B301F12003A2A6F /* Settings.bundle in Resources */,
				D8E4D3A01C3C338300EDDF3A /* Localizable.strings in Resources */,
				D87D6C331B2F0E9A003A2A6F /* Main.storyboard in Resources */,
				D87D6C381B2F0E9A003A2A6F /* LaunchScreen.xib in Resources */,
				D87D6C351B2F0E9A003A2A6F /* Images.xcassets in Resources */,
				D8E4D39B1C3C338200EDDF3A /* InfoPlist.strings in Resources */,
			);
			runOnlyForDeploymentPostprocessing = 0;
		};
		D8E4D3881C382E7200EDDF3A /* Resources */ = {
			isa = PBXResourcesBuildPhase;
			buildActionMask = 2147483647;
			files = (
				D8E4D3961C38317900EDDF3A /* getPowerProfileTest.xml in Resources */,
				D8E4D3A51C3C338300EDDF3A /* InfoPlist.strings in Resources */,
			);
			runOnlyForDeploymentPostprocessing = 0;
		};
/* End PBXResourcesBuildPhase section */

/* Begin PBXSourcesBuildPhase section */
		D87D6C241B2F0E9A003A2A6F /* Sources */ = {
			isa = PBXSourcesBuildPhase;
			buildActionMask = 2147483647;
			files = (
				D87D6C301B2F0E9A003A2A6F /* WattageViewController.swift in Sources */,
				D88AE4C61B35F1F400D8202B /* PowermeterHistoryTableViewController.swift in Sources */,
				D88AE4CA1B36082D00D8202B /* GraphView.swift in Sources */,
				D87D6C2E1B2F0E9A003A2A6F /* AppDelegate.swift in Sources */,
				D88AE4C81B3607BA00D8202B /* GraphViewController.swift in Sources */,
				D88C2A011B384038006302F8 /* AxesDrawer.swift in Sources */,
				D87D6C4E1B2F1186003A2A6F /* PowerMeter.swift in Sources */,
				D88AE4CC1B37475E00D8202B /* PowerGraphEngine.swift in Sources */,
				D81E05AC1B35804F0084D283 /* PowerMeterInfoTableViewController.swift in Sources */,
			);
			runOnlyForDeploymentPostprocessing = 0;
		};
		D8E4D3861C382E7200EDDF3A /* Sources */ = {
			isa = PBXSourcesBuildPhase;
			buildActionMask = 2147483647;
			files = (
				D8E4D38D1C382E7300EDDF3A /* SmartMeterTests.swift in Sources */,
				D8E4D3941C3830C300EDDF3A /* PowerMeter.swift in Sources */,
			);
			runOnlyForDeploymentPostprocessing = 0;
		};
/* End PBXSourcesBuildPhase section */

/* Begin PBXTargetDependency section */
		D8E4D3901C382E7300EDDF3A /* PBXTargetDependency */ = {
			isa = PBXTargetDependency;
			target = D87D6C271B2F0E9A003A2A6F /* SmartMeter */;
			targetProxy = D8E4D38F1C382E7300EDDF3A /* PBXContainerItemProxy */;
		};
/* End PBXTargetDependency section */

/* Begin PBXVariantGroup section */
		D87D6C311B2F0E9A003A2A6F /* Main.storyboard */ = {
			isa = PBXVariantGroup;
			children = (
				D87D6C321B2F0E9A003A2A6F /* Base */,
				D8E4D3971C3C2F6400EDDF3A /* de */,
			);
			name = Main.storyboard;
			sourceTree = "<group>";
		};
		D87D6C361B2F0E9A003A2A6F /* LaunchScreen.xib */ = {
			isa = PBXVariantGroup;
			children = (
				D87D6C371B2F0E9A003A2A6F /* Base */,
				D8E4D3981C3C2F6500EDDF3A /* de */,
			);
			name = LaunchScreen.xib;
			sourceTree = "<group>";
		};
		D8E4D39D1C3C338200EDDF3A /* InfoPlist.strings */ = {
			isa = PBXVariantGroup;
			children = (
				D8E4D39C1C3C338200EDDF3A /* de */,
			);
			name = InfoPlist.strings;
			sourceTree = "<group>";
		};
		D8E4D3A21C3C338300EDDF3A /* Localizable.strings */ = {
			isa = PBXVariantGroup;
			children = (
				D8E4D3A11C3C338300EDDF3A /* de */,
			);
			name = Localizable.strings;
			sourceTree = "<group>";
		};
		D8E4D3A71C3C338300EDDF3A /* InfoPlist.strings */ = {
			isa = PBXVariantGroup;
			children = (
				D8E4D3A61C3C338300EDDF3A /* de */,
			);
			name = InfoPlist.strings;
			sourceTree = "<group>";
		};
		D8E4D3AC1C3C385900EDDF3A /* Localizable.stringsdict */ = {
			isa = PBXVariantGroup;
			children = (
				D8E4D3AB1C3C385900EDDF3A /* Base */,
				D8E4D3AD1C3C386500EDDF3A /* de */,
			);
			name = Localizable.stringsdict;
			sourceTree = "<group>";
		};
/* End PBXVariantGroup section */

/* Begin XCBuildConfiguration section */
		D87D6C451B2F0E9A003A2A6F /* Debug */ = {
			isa = XCBuildConfiguration;
			buildSettings = {
				ALWAYS_SEARCH_USER_PATHS = NO;
				CLANG_ANALYZER_LOCALIZABILITY_NONLOCALIZED = YES;
				CLANG_CXX_LANGUAGE_STANDARD = "gnu++0x";
				CLANG_CXX_LIBRARY = "libc++";
				CLANG_ENABLE_MODULES = YES;
				CLANG_ENABLE_OBJC_ARC = YES;
				CLANG_WARN_BOOL_CONVERSION = YES;
				CLANG_WARN_CONSTANT_CONVERSION = YES;
				CLANG_WARN_DIRECT_OBJC_ISA_USAGE = YES_ERROR;
				CLANG_WARN_EMPTY_BODY = YES;
				CLANG_WARN_ENUM_CONVERSION = YES;
				CLANG_WARN_INFINITE_RECURSION = YES;
				CLANG_WARN_INT_CONVERSION = YES;
				CLANG_WARN_OBJC_ROOT_CLASS = YES_ERROR;
				CLANG_WARN_SUSPICIOUS_MOVE = YES;
				CLANG_WARN_UNREACHABLE_CODE = YES;
				CLANG_WARN__DUPLICATE_METHOD_MATCH = YES;
				"CODE_SIGN_IDENTITY[sdk=iphoneos*]" = "iPhone Developer";
				COPY_PHASE_STRIP = NO;
				DEBUG_INFORMATION_FORMAT = "dwarf-with-dsym";
				ENABLE_STRICT_OBJC_MSGSEND = YES;
				ENABLE_TESTABILITY = YES;
				GCC_C_LANGUAGE_STANDARD = gnu99;
				GCC_DYNAMIC_NO_PIC = NO;
				GCC_NO_COMMON_BLOCKS = YES;
				GCC_OPTIMIZATION_LEVEL = 0;
				GCC_PREPROCESSOR_DEFINITIONS = (
					"DEBUG=1",
					"$(inherited)",
				);
				GCC_SYMBOLS_PRIVATE_EXTERN = NO;
				GCC_WARN_64_TO_32_BIT_CONVERSION = YES;
				GCC_WARN_ABOUT_RETURN_TYPE = YES_ERROR;
				GCC_WARN_UNDECLARED_SELECTOR = YES;
				GCC_WARN_UNINITIALIZED_AUTOS = YES_AGGRESSIVE;
				GCC_WARN_UNUSED_FUNCTION = YES;
				GCC_WARN_UNUSED_VARIABLE = YES;
				IPHONEOS_DEPLOYMENT_TARGET = 8.3;
				MTL_ENABLE_DEBUG_INFO = YES;
				ONLY_ACTIVE_ARCH = YES;
				SDKROOT = iphoneos;
				SWIFT_OPTIMIZATION_LEVEL = "-Onone";
				TARGETED_DEVICE_FAMILY = "1,2";
			};
			name = Debug;
		};
		D87D6C461B2F0E9A003A2A6F /* Release */ = {
			isa = XCBuildConfiguration;
			buildSettings = {
				ALWAYS_SEARCH_USER_PATHS = NO;
				CLANG_ANALYZER_LOCALIZABILITY_NONLOCALIZED = YES;
				CLANG_CXX_LANGUAGE_STANDARD = "gnu++0x";
				CLANG_CXX_LIBRARY = "libc++";
				CLANG_ENABLE_MODULES = YES;
				CLANG_ENABLE_OBJC_ARC = YES;
				CLANG_WARN_BOOL_CONVERSION = YES;
				CLANG_WARN_CONSTANT_CONVERSION = YES;
				CLANG_WARN_DIRECT_OBJC_ISA_USAGE = YES_ERROR;
				CLANG_WARN_EMPTY_BODY = YES;
				CLANG_WARN_ENUM_CONVERSION = YES;
				CLANG_WARN_INFINITE_RECURSION = YES;
				CLANG_WARN_INT_CONVERSION = YES;
				CLANG_WARN_OBJC_ROOT_CLASS = YES_ERROR;
				CLANG_WARN_SUSPICIOUS_MOVE = YES;
				CLANG_WARN_UNREACHABLE_CODE = YES;
				CLANG_WARN__DUPLICATE_METHOD_MATCH = YES;
				"CODE_SIGN_IDENTITY[sdk=iphoneos*]" = "iPhone Developer";
				COPY_PHASE_STRIP = NO;
				DEBUG_INFORMATION_FORMAT = "dwarf-with-dsym";
				ENABLE_NS_ASSERTIONS = NO;
				ENABLE_STRICT_OBJC_MSGSEND = YES;
				GCC_C_LANGUAGE_STANDARD = gnu99;
				GCC_NO_COMMON_BLOCKS = YES;
				GCC_WARN_64_TO_32_BIT_CONVERSION = YES;
				GCC_WARN_ABOUT_RETURN_TYPE = YES_ERROR;
				GCC_WARN_UNDECLARED_SELECTOR = YES;
				GCC_WARN_UNINITIALIZED_AUTOS = YES_AGGRESSIVE;
				GCC_WARN_UNUSED_FUNCTION = YES;
				GCC_WARN_UNUSED_VARIABLE = YES;
				IPHONEOS_DEPLOYMENT_TARGET = 8.3;
				MTL_ENABLE_DEBUG_INFO = NO;
				SDKROOT = iphoneos;
				SWIFT_OPTIMIZATION_LEVEL = "-Owholemodule";
				TARGETED_DEVICE_FAMILY = "1,2";
				VALIDATE_PRODUCT = YES;
			};
			name = Release;
		};
		D87D6C481B2F0E9A003A2A6F /* Debug */ = {
			isa = XCBuildConfiguration;
			buildSettings = {
				ASSETCATALOG_COMPILER_APPICON_NAME = AppIcon;
				INFOPLIST_FILE = SmartMeter/Info.plist;
				LD_RUNPATH_SEARCH_PATHS = "$(inherited) @executable_path/Frameworks";
				PRODUCT_BUNDLE_IDENTIFIER = "lazar.info.$(PRODUCT_NAME:rfc1034identifier)";
				PRODUCT_NAME = "$(TARGET_NAME)";
				SWIFT_VERSION = 3.0;
			};
			name = Debug;
		};
		D87D6C491B2F0E9A003A2A6F /* Release */ = {
			isa = XCBuildConfiguration;
			buildSettings = {
				ASSETCATALOG_COMPILER_APPICON_NAME = AppIcon;
				INFOPLIST_FILE = SmartMeter/Info.plist;
				LD_RUNPATH_SEARCH_PATHS = "$(inherited) @executable_path/Frameworks";
				PRODUCT_BUNDLE_IDENTIFIER = "lazar.info.$(PRODUCT_NAME:rfc1034identifier)";
				PRODUCT_NAME = "$(TARGET_NAME)";
				SWIFT_VERSION = 3.0;
			};
			name = Release;
		};
		D8E4D3921C382E7300EDDF3A /* Debug */ = {
			isa = XCBuildConfiguration;
			buildSettings = {
				BUNDLE_LOADER = "$(TEST_HOST)";
				DEBUG_INFORMATION_FORMAT = dwarf;
				INFOPLIST_FILE = SmartMeterTests/Info.plist;
				IPHONEOS_DEPLOYMENT_TARGET = 9.2;
				LD_RUNPATH_SEARCH_PATHS = "$(inherited) @executable_path/Frameworks @loader_path/Frameworks";
				PRODUCT_BUNDLE_IDENTIFIER = lazar.info.SmartMeterTests;
				PRODUCT_NAME = "$(TARGET_NAME)";
				SWIFT_VERSION = 3.0;
				TEST_HOST = "$(BUILT_PRODUCTS_DIR)/SmartMeter.app/SmartMeter";
			};
			name = Debug;
		};
		D8E4D3931C382E7300EDDF3A /* Release */ = {
			isa = XCBuildConfiguration;
			buildSettings = {
				BUNDLE_LOADER = "$(TEST_HOST)";
				INFOPLIST_FILE = SmartMeterTests/Info.plist;
				IPHONEOS_DEPLOYMENT_TARGET = 9.2;
				LD_RUNPATH_SEARCH_PATHS = "$(inherited) @executable_path/Frameworks @loader_path/Frameworks";
				PRODUCT_BUNDLE_IDENTIFIER = lazar.info.SmartMeterTests;
				PRODUCT_NAME = "$(TARGET_NAME)";
				SWIFT_VERSION = 3.0;
				TEST_HOST = "$(BUILT_PRODUCTS_DIR)/SmartMeter.app/SmartMeter";
			};
			name = Release;
		};
/* End XCBuildConfiguration section */

/* Begin XCConfigurationList section */
		D87D6C231B2F0E9A003A2A6F /* Build configuration list for PBXProject "SmartMeter" */ = {
			isa = XCConfigurationList;
			buildConfigurations = (
				D87D6C451B2F0E9A003A2A6F /* Debug */,
				D87D6C461B2F0E9A003A2A6F /* Release */,
			);
			defaultConfigurationIsVisible = 0;
			defaultConfigurationName = Release;
		};
		D87D6C471B2F0E9A003A2A6F /* Build configuration list for PBXNativeTarget "SmartMeter" */ = {
			isa = XCConfigurationList;
			buildConfigurations = (
				D87D6C481B2F0E9A003A2A6F /* Debug */,
				D87D6C491B2F0E9A003A2A6F /* Release */,
			);
			defaultConfigurationIsVisible = 0;
			defaultConfigurationName = Release;
		};
		D8E4D3911C382E7300EDDF3A /* Build configuration list for PBXNativeTarget "SmartMeterTests" */ = {
			isa = XCConfigurationList;
			buildConfigurations = (
				D8E4D3921C382E7300EDDF3A /* Debug */,
				D8E4D3931C382E7300EDDF3A /* Release */,
			);
			defaultConfigurationIsVisible = 0;
			defaultConfigurationName = Release;
		};
/* End XCConfigurationList section */
	};
	rootObject = D87D6C201B2F0E9A003A2A6F /* Project object */;
}
